
Microsoft Visual Studio Solution File, Format Version 12.00
# Visual Studio Version 17
VisualStudioVersion = 17.5.002.0
MinimumVisualStudioVersion = 10.0.40219.1
Project("{9A19103F-16F7-4668-BE54-9A1E7A4F7556}") = "ConsoleApp1", "ConsoleApp1.csproj", "{F23222B1-8956-43F1-8E3A-000A01BBBC36}"
EndProject
Global
	GlobalSection(SolutionConfigurationPlatforms) = preSolution
		Debug|Any CPU = Debug|Any CPU
		Release|Any CPU = Release|Any CPU
	EndGlobalSection
	GlobalSection(ProjectConfigurationPlatforms) = postSolution
		{F23222B1-8956-43F1-8E3A-000A01BBBC36}.Debug|Any CPU.ActiveCfg = Debug|Any CPU
		{F23222B1-8956-43F1-8E3A-000A01BBBC36}.Debug|Any CPU.Build.0 = Debug|Any CPU
		{F23222B1-8956-43F1-8E3A-000A01BBBC36}.Release|Any CPU.ActiveCfg = Release|Any CPU
		{F23222B1-8956-43F1-8E3A-000A01BBBC36}.Release|Any CPU.Build.0 = Release|Any CPU
	EndGlobalSection
	GlobalSection(SolutionProperties) = preSolution
		HideSolutionNode = FALSE
	EndGlobalSection
	GlobalSection(ExtensibilityGlobals) = postSolution
		SolutionGuid = {70364A7D-AA25-43CE-B089-5FEBC97BCD91}
	EndGlobalSection
EndGlobal
